
Microsoft Visual Studio Solution File, Format Version 12.00
# Visual Studio Version 17
VisualStudioVersion = 17.3.32901.215
MinimumVisualStudioVersion = 10.0.40219.1
Project("{FAE04EC0-301F-11D3-BF4B-00C04F79EFBC}") = "ortalama_devamsız", "ortalama_devamsız\ortalama_devamsız.csproj", "{B91303C9-29F8-4828-9E4E-E0F6B6C900C1}"
EndProject
Global
	GlobalSection(SolutionConfigurationPlatforms) = preSolution
		Debug|Any CPU = Debug|Any CPU
		Release|Any CPU = Release|Any CPU
	EndGlobalSection
	GlobalSection(ProjectConfigurationPlatforms) = postSolution
		{B91303C9-29F8-4828-9E4E-E0F6B6C900C1}.Debug|Any CPU.ActiveCfg = Debug|Any CPU
		{B91303C9-29F8-4828-9E4E-E0F6B6C900C1}.Debug|Any CPU.Build.0 = Debug|Any CPU
		{B91303C9-29F8-4828-9E4E-E0F6B6C900C1}.Release|Any CPU.ActiveCfg = Release|Any CPU
		{B91303C9-29F8-4828-9E4E-E0F6B6C900C1}.Release|Any CPU.Build.0 = Release|Any CPU
	EndGlobalSection
	GlobalSection(SolutionProperties) = preSolution
		HideSolutionNode = FALSE
	EndGlobalSection
	GlobalSection(ExtensibilityGlobals) = postSolution
		SolutionGuid = {7E41D920-70A4-4057-B7AF-E57CCE9B2383}
	EndGlobalSection
EndGlobal
